// !$*UTF8*$!
{
	archiveVersion = 1;
	classes = {
	};
	objectVersion = 50;
	objects = {

/* Begin PBXBuildFile section */
		735517BAB8961E3FEE8F92E1 /* Pods_TestLGSideMenuController.framework in Frameworks */ = {isa = PBXBuildFile; fileRef = 8A809B10E7BBC6EBC8D190D6 /* Pods_TestLGSideMenuController.framework */; };
		E09A06202297F507007E1D41 /* AppDelegate.swift in Sources */ = {isa = PBXBuildFile; fileRef = E09A061F2297F507007E1D41 /* AppDelegate.swift */; };
		E09A06222297F507007E1D41 /* HomeViewController.swift in Sources */ = {isa = PBXBuildFile; fileRef = E09A06212297F507007E1D41 /* HomeViewController.swift */; };
		E09A06252297F507007E1D41 /* Main.storyboard in Resources */ = {isa = PBXBuildFile; fileRef = E09A06232297F507007E1D41 /* Main.storyboard */; };
		E09A06272297F508007E1D41 /* Assets.xcassets in Resources */ = {isa = PBXBuildFile; fileRef = E09A06262297F508007E1D41 /* Assets.xcassets */; };
		E09A062A2297F508007E1D41 /* LaunchScreen.storyboard in Resources */ = {isa = PBXBuildFile; fileRef = E09A06282297F508007E1D41 /* LaunchScreen.storyboard */; };
		E09A06392297FDA5007E1D41 /* Extensions.swift in Sources */ = {isa = PBXBuildFile; fileRef = E09A06382297FDA5007E1D41 /* Extensions.swift */; };
		E09A063C2297FEE0007E1D41 /* BaseButton.swift in Sources */ = {isa = PBXBuildFile; fileRef = E09A063B2297FEE0007E1D41 /* BaseButton.swift */; };
		E09A063F2297FF19007E1D41 /* LeftMenuTableViewController.swift in Sources */ = {isa = PBXBuildFile; fileRef = E09A063E2297FF19007E1D41 /* LeftMenuTableViewController.swift */; };
		E09A06412297FF62007E1D41 /* CustomNavigationController.swift in Sources */ = {isa = PBXBuildFile; fileRef = E09A06402297FF62007E1D41 /* CustomNavigationController.swift */; };
		E09A0643229803E2007E1D41 /* FirstViewController.swift in Sources */ = {isa = PBXBuildFile; fileRef = E09A0642229803E2007E1D41 /* FirstViewController.swift */; };
		E09A0645229803FF007E1D41 /* SecondViewController.swift in Sources */ = {isa = PBXBuildFile; fileRef = E09A0644229803FF007E1D41 /* SecondViewController.swift */; };
		E09A064722980415007E1D41 /* ThirdViewController.swift in Sources */ = {isa = PBXBuildFile; fileRef = E09A064622980415007E1D41 /* ThirdViewController.swift */; };
		E09A064A2298053D007E1D41 /* BaseViewController.swift in Sources */ = {isa = PBXBuildFile; fileRef = E09A06492298053D007E1D41 /* BaseViewController.swift */; };
/* End PBXBuildFile section */

/* Begin PBXFileReference section */
		6EF1E1412CE05491594D5647 /* Pods-TestLGSideMenuController.debug.xcconfig */ = {isa = PBXFileReference; includeInIndex = 1; lastKnownFileType = text.xcconfig; name = "Pods-TestLGSideMenuController.debug.xcconfig"; path = "Target Support Files/Pods-TestLGSideMenuController/Pods-TestLGSideMenuController.debug.xcconfig"; sourceTree = "<group>"; };
		8A809B10E7BBC6EBC8D190D6 /* Pods_TestLGSideMenuController.framework */ = {isa = PBXFileReference; explicitFileType = wrapper.framework; includeInIndex = 0; path = Pods_TestLGSideMenuController.framework; sourceTree = BUILT_PRODUCTS_DIR; };
		E09A061C2297F507007E1D41 /* TestLGSideMenuController.app */ = {isa = PBXFileReference; explicitFileType = wrapper.application; includeInIndex = 0; path = TestLGSideMenuController.app; sourceTree = BUILT_PRODUCTS_DIR; };
		E09A061F2297F507007E1D41 /* AppDelegate.swift */ = {isa = PBXFileReference; lastKnownFileType = sourcecode.swift; path = AppDelegate.swift; sourceTree = "<group>"; };
		E09A06212297F507007E1D41 /* HomeViewController.swift */ = {isa = PBXFileReference; lastKnownFileType = sourcecode.swift; path = HomeViewController.swift; sourceTree = "<group>"; };
		E09A06242297F507007E1D41 /* Base */ = {isa = PBXFileReference; lastKnownFileType = file.storyboard; name = Base; path = Base.lproj/Main.storyboard; sourceTree = "<group>"; };
		E09A06262297F508007E1D41 /* Assets.xcassets */ = {isa = PBXFileReference; lastKnownFileType = folder.assetcatalog; path = Assets.xcassets; sourceTree = "<group>"; };
		E09A06292297F508007E1D41 /* Base */ = {isa = PBXFileReference; lastKnownFileType = file.storyboard; name = Base; path = Base.lproj/LaunchScreen.storyboard; sourceTree = "<group>"; };
		E09A062B2297F508007E1D41 /* Info.plist */ = {isa = PBXFileReference; lastKnownFileType = text.plist.xml; path = Info.plist; sourceTree = "<group>"; };
		E09A06312297F6E9007E1D41 /* Header.h */ = {isa = PBXFileReference; lastKnownFileType = sourcecode.c.h; path = Header.h; sourceTree = "<group>"; };
		E09A06382297FDA5007E1D41 /* Extensions.swift */ = {isa = PBXFileReference; lastKnownFileType = sourcecode.swift; path = Extensions.swift; sourceTree = "<group>"; };
		E09A063B2297FEE0007E1D41 /* BaseButton.swift */ = {isa = PBXFileReference; lastKnownFileType = sourcecode.swift; path = BaseButton.swift; sourceTree = "<group>"; };
		E09A063E2297FF19007E1D41 /* LeftMenuTableViewController.swift */ = {isa = PBXFileReference; lastKnownFileType = sourcecode.swift; path = LeftMenuTableViewController.swift; sourceTree = "<group>"; };
		E09A06402297FF62007E1D41 /* CustomNavigationController.swift */ = {isa = PBXFileReference; lastKnownFileType = sourcecode.swift; path = CustomNavigationController.swift; sourceTree = "<group>"; };
		E09A0642229803E2007E1D41 /* FirstViewController.swift */ = {isa = PBXFileReference; lastKnownFileType = sourcecode.swift; path = FirstViewController.swift; sourceTree = "<group>"; };
		E09A0644229803FF007E1D41 /* SecondViewController.swift */ = {isa = PBXFileReference; lastKnownFileType = sourcecode.swift; path = SecondViewController.swift; sourceTree = "<group>"; };
		E09A064622980415007E1D41 /* ThirdViewController.swift */ = {isa = PBXFileReference; lastKnownFileType = sourcecode.swift; path = ThirdViewController.swift; sourceTree = "<group>"; };
		E09A06492298053D007E1D41 /* BaseViewController.swift */ = {isa = PBXFileReference; lastKnownFileType = sourcecode.swift; path = BaseViewController.swift; sourceTree = "<group>"; };
		F051C5C7D502EE74479DAF51 /* Pods-TestLGSideMenuController.release.xcconfig */ = {isa = PBXFileReference; includeInIndex = 1; lastKnownFileType = text.xcconfig; name = "Pods-TestLGSideMenuController.release.xcconfig"; path = "Target Support Files/Pods-TestLGSideMenuController/Pods-TestLGSideMenuController.release.xcconfig"; sourceTree = "<group>"; };
/* End PBXFileReference section */

/* Begin PBXFrameworksBuildPhase section */
		E09A06192297F507007E1D41 /* Frameworks */ = {
			isa = PBXFrameworksBuildPhase;
			buildActionMask = 2147483647;
			files = (
				735517BAB8961E3FEE8F92E1 /* Pods_TestLGSideMenuController.framework in Frameworks */,
			);
			runOnlyForDeploymentPostprocessing = 0;
		};
/* End PBXFrameworksBuildPhase section */

/* Begin PBXGroup section */
		AD6B467105D83075D6B86DD0 /* Pods */ = {
			isa = PBXGroup;
			children = (
				6EF1E1412CE05491594D5647 /* Pods-TestLGSideMenuController.debug.xcconfig */,
				F051C5C7D502EE74479DAF51 /* Pods-TestLGSideMenuController.release.xcconfig */,
			);
			path = Pods;
			sourceTree = "<group>";
		};
		C738F13183620FDD33A33BD7 /* Frameworks */ = {
			isa = PBXGroup;
			children = (
				8A809B10E7BBC6EBC8D190D6 /* Pods_TestLGSideMenuController.framework */,
			);
			name = Frameworks;
			sourceTree = "<group>";
		};
		E09A06132297F507007E1D41 = {
			isa = PBXGroup;
			children = (
				E09A061E2297F507007E1D41 /* TestLGSideMenuController */,
				E09A061D2297F507007E1D41 /* Products */,
				AD6B467105D83075D6B86DD0 /* Pods */,
				C738F13183620FDD33A33BD7 /* Frameworks */,
			);
			sourceTree = "<group>";
		};
		E09A061D2297F507007E1D41 /* Products */ = {
			isa = PBXGroup;
			children = (
				E09A061C2297F507007E1D41 /* TestLGSideMenuController.app */,
			);
			name = Products;
			sourceTree = "<group>";
		};
		E09A061E2297F507007E1D41 /* TestLGSideMenuController */ = {
			isa = PBXGroup;
			children = (
				E09A061F2297F507007E1D41 /* AppDelegate.swift */,
				E09A063D2297FEE3007E1D41 /* View */,
				E09A063A2297FE0E007E1D41 /* Controller */,
				E09A06382297FDA5007E1D41 /* Extensions.swift */,
				E09A06232297F507007E1D41 /* Main.storyboard */,
				E09A06262297F508007E1D41 /* Assets.xcassets */,
				E09A06282297F508007E1D41 /* LaunchScreen.storyboard */,
				E09A062B2297F508007E1D41 /* Info.plist */,
				E09A06312297F6E9007E1D41 /* Header.h */,
			);
			path = TestLGSideMenuController;
			sourceTree = "<group>";
		};
		E09A063A2297FE0E007E1D41 /* Controller */ = {
			isa = PBXGroup;
			children = (
				E09A06212297F507007E1D41 /* HomeViewController.swift */,
				E09A063E2297FF19007E1D41 /* LeftMenuTableViewController.swift */,
				E09A06402297FF62007E1D41 /* CustomNavigationController.swift */,
				E09A06492298053D007E1D41 /* BaseViewController.swift */,
				E09A0642229803E2007E1D41 /* FirstViewController.swift */,
				E09A0644229803FF007E1D41 /* SecondViewController.swift */,
				E09A064622980415007E1D41 /* ThirdViewController.swift */,
			);
			path = Controller;
			sourceTree = "<group>";
		};
		E09A063D2297FEE3007E1D41 /* View */ = {
			isa = PBXGroup;
			children = (
				E09A063B2297FEE0007E1D41 /* BaseButton.swift */,
			);
			path = View;
			sourceTree = "<group>";
		};
/* End PBXGroup section */

/* Begin PBXNativeTarget section */
		E09A061B2297F507007E1D41 /* TestLGSideMenuController */ = {
			isa = PBXNativeTarget;
			buildConfigurationList = E09A062E2297F508007E1D41 /* Build configuration list for PBXNativeTarget "TestLGSideMenuController" */;
			buildPhases = (
				0415D1ED985FD1D26804F9EE /* [CP] Check Pods Manifest.lock */,
				E09A06182297F507007E1D41 /* Sources */,
				E09A06192297F507007E1D41 /* Frameworks */,
				E09A061A2297F507007E1D41 /* Resources */,
				38315F60EDCE71C77964E291 /* [CP] Embed Pods Frameworks */,
			);
			buildRules = (
			);
			dependencies = (
			);
			name = TestLGSideMenuController;
			productName = TestLGSideMenuController;
			productReference = E09A061C2297F507007E1D41 /* TestLGSideMenuController.app */;
			productType = "com.apple.product-type.application";
		};
/* End PBXNativeTarget section */

/* Begin PBXProject section */
		E09A06142297F507007E1D41 /* Project object */ = {
			isa = PBXProject;
			attributes = {
				LastSwiftUpdateCheck = 1020;
				LastUpgradeCheck = 1020;
				ORGANIZATIONNAME = appi;
				TargetAttributes = {
					E09A061B2297F507007E1D41 = {
						CreatedOnToolsVersion = 10.2.1;
					};
				};
			};
			buildConfigurationList = E09A06172297F507007E1D41 /* Build configuration list for PBXProject "TestLGSideMenuController" */;
			compatibilityVersion = "Xcode 9.3";
			developmentRegion = en;
			hasScannedForEncodings = 0;
			knownRegions = (
				en,
				Base,
			);
			mainGroup = E09A06132297F507007E1D41;
			productRefGroup = E09A061D2297F507007E1D41 /* Products */;
			projectDirPath = "";
			projectRoot = "";
			targets = (
				E09A061B2297F507007E1D41 /* TestLGSideMenuController */,
			);
		};
/* End PBXProject section */

/* Begin PBXResourcesBuildPhase section */
		E09A061A2297F507007E1D41 /* Resources */ = {
			isa = PBXResourcesBuildPhase;
			buildActionMask = 2147483647;
			files = (
				E09A062A2297F508007E1D41 /* LaunchScreen.storyboard in Resources */,
				E09A06272297F508007E1D41 /* Assets.xcassets in Resources */,
				E09A06252297F507007E1D41 /* Main.storyboard in Resources */,
			);
			runOnlyForDeploymentPostprocessing = 0;
		};
/* End PBXResourcesBuildPhase section */

/* Begin PBXShellScriptBuildPhase section */
		0415D1ED985FD1D26804F9EE /* [CP] Check Pods Manifest.lock */ = {
			isa = PBXShellScriptBuildPhase;
			buildActionMask = 2147483647;
			files = (
			);
			inputFileListPaths = (
			);
			inputPaths = (
				"${PODS_PODFILE_DIR_PATH}/Podfile.lock",
				"${PODS_ROOT}/Manifest.lock",
			);
			name = "[CP] Check Pods Manifest.lock";
			outputFileListPaths = (
			);
			outputPaths = (
				"$(DERIVED_FILE_DIR)/Pods-TestLGSideMenuController-checkManifestLockResult.txt",
			);
			runOnlyForDeploymentPostprocessing = 0;
			shellPath = /bin/sh;
			shellScript = "diff \"${PODS_PODFILE_DIR_PATH}/Podfile.lock\" \"${PODS_ROOT}/Manifest.lock\" > /dev/null\nif [ $? != 0 ] ; then\n    # print error to STDERR\n    echo \"error: The sandbox is not in sync with the Podfile.lock. Run 'pod install' or update your CocoaPods installation.\" >&2\n    exit 1\nfi\n# This output is used by Xcode 'outputs' to avoid re-running this script phase.\necho \"SUCCESS\" > \"${SCRIPT_OUTPUT_FILE_0}\"\n";
			showEnvVarsInLog = 0;
		};
		38315F60EDCE71C77964E291 /* [CP] Embed Pods Frameworks */ = {
			isa = PBXShellScriptBuildPhase;
			buildActionMask = 2147483647;
			files = (
			);
			inputFileListPaths = (
			);
			inputPaths = (
				"${PODS_ROOT}/Target Support Files/Pods-TestLGSideMenuController/Pods-TestLGSideMenuController-frameworks.sh",
				"${BUILT_PRODUCTS_DIR}/LGSideMenuController/LGSideMenuController.framework",
			);
			name = "[CP] Embed Pods Frameworks";
			outputFileListPaths = (
			);
			outputPaths = (
				"${TARGET_BUILD_DIR}/${FRAMEWORKS_FOLDER_PATH}/LGSideMenuController.framework",
			);
			runOnlyForDeploymentPostprocessing = 0;
			shellPath = /bin/sh;
			shellScript = "\"${PODS_ROOT}/Target Support Files/Pods-TestLGSideMenuController/Pods-TestLGSideMenuController-frameworks.sh\"\n";
			showEnvVarsInLog = 0;
		};
/* End PBXShellScriptBuildPhase section */

/* Begin PBXSourcesBuildPhase section */
		E09A06182297F507007E1D41 /* Sources */ = {
			isa = PBXSourcesBuildPhase;
			buildActionMask = 2147483647;
			files = (
				E09A0645229803FF007E1D41 /* SecondViewController.swift in Sources */,
				E09A064722980415007E1D41 /* ThirdViewController.swift in Sources */,
				E09A06412297FF62007E1D41 /* CustomNavigationController.swift in Sources */,
				E09A06392297FDA5007E1D41 /* Extensions.swift in Sources */,
				E09A063F2297FF19007E1D41 /* LeftMenuTableViewController.swift in Sources */,
				E09A064A2298053D007E1D41 /* BaseViewController.swift in Sources */,
				E09A06222297F507007E1D41 /* HomeViewController.swift in Sources */,
				E09A063C2297FEE0007E1D41 /* BaseButton.swift in Sources */,
				E09A06202297F507007E1D41 /* AppDelegate.swift in Sources */,
				E09A0643229803E2007E1D41 /* FirstViewController.swift in Sources */,
			);
			runOnlyForDeploymentPostprocessing = 0;
		};
/* End PBXSourcesBuildPhase section */

/* Begin PBXVariantGroup section */
		E09A06232297F507007E1D41 /* Main.storyboard */ = {
			isa = PBXVariantGroup;
			children = (
				E09A06242297F507007E1D41 /* Base */,
			);
			name = Main.storyboard;
			sourceTree = "<group>";
		};
		E09A06282297F508007E1D41 /* LaunchScreen.storyboard */ = {
			isa = PBXVariantGroup;
			children = (
				E09A06292297F508007E1D41 /* Base */,
			);
			name = LaunchScreen.storyboard;
			sourceTree = "<group>";
		};
/* End PBXVariantGroup section */

/* Begin XCBuildConfiguration section */
		E09A062C2297F508007E1D41 /* Debug */ = {
			isa = XCBuildConfiguration;
			buildSettings = {
				ALWAYS_SEARCH_USER_PATHS = NO;
				CLANG_ANALYZER_NONNULL = YES;
				CLANG_ANALYZER_NUMBER_OBJECT_CONVERSION = YES_AGGRESSIVE;
				CLANG_CXX_LANGUAGE_STANDARD = "gnu++14";
				CLANG_CXX_LIBRARY = "libc++";
				CLANG_ENABLE_MODULES = YES;
				CLANG_ENABLE_OBJC_ARC = YES;
				CLANG_ENABLE_OBJC_WEAK = YES;
				CLANG_WARN_BLOCK_CAPTURE_AUTORELEASING = YES;
				CLANG_WARN_BOOL_CONVERSION = YES;
				CLANG_WARN_COMMA = YES;
				CLANG_WARN_CONSTANT_CONVERSION = YES;
				CLANG_WARN_DEPRECATED_OBJC_IMPLEMENTATIONS = YES;
				CLANG_WARN_DIRECT_OBJC_ISA_USAGE = YES_ERROR;
				CLANG_WARN_DOCUMENTATION_COMMENTS = YES;
				CLANG_WARN_EMPTY_BODY = YES;
				CLANG_WARN_ENUM_CONVERSION = YES;
				CLANG_WARN_INFINITE_RECURSION = YES;
				CLANG_WARN_INT_CONVERSION = YES;
				CLANG_WARN_NON_LITERAL_NULL_CONVERSION = YES;
				CLANG_WARN_OBJC_IMPLICIT_RETAIN_SELF = YES;
				CLANG_WARN_OBJC_LITERAL_CONVERSION = YES;
				CLANG_WARN_OBJC_ROOT_CLASS = YES_ERROR;
				CLANG_WARN_RANGE_LOOP_ANALYSIS = YES;
				CLANG_WARN_STRICT_PROTOTYPES = YES;
				CLANG_WARN_SUSPICIOUS_MOVE = YES;
				CLANG_WARN_UNGUARDED_AVAILABILITY = YES_AGGRESSIVE;
				CLANG_WARN_UNREACHABLE_CODE = YES;
				CLANG_WARN__DUPLICATE_METHOD_MATCH = YES;
				CODE_SIGN_IDENTITY = "iPhone Developer";
				COPY_PHASE_STRIP = NO;
				DEBUG_INFORMATION_FORMAT = dwarf;
				ENABLE_STRICT_OBJC_MSGSEND = YES;
				ENABLE_TESTABILITY = YES;
				GCC_C_LANGUAGE_STANDARD = gnu11;
				GCC_DYNAMIC_NO_PIC = NO;
				GCC_NO_COMMON_BLOCKS = YES;
				GCC_OPTIMIZATION_LEVEL = 0;
				GCC_PREPROCESSOR_DEFINITIONS = (
					"DEBUG=1",
					"$(inherited)",
				);
				GCC_WARN_64_TO_32_BIT_CONVERSION = YES;
				GCC_WARN_ABOUT_RETURN_TYPE = YES_ERROR;
				GCC_WARN_UNDECLARED_SELECTOR = YES;
				GCC_WARN_UNINITIALIZED_AUTOS = YES_AGGRESSIVE;
				GCC_WARN_UNUSED_FUNCTION = YES;
				GCC_WARN_UNUSED_VARIABLE = YES;
				IPHONEOS_DEPLOYMENT_TARGET = 12.2;
				MTL_ENABLE_DEBUG_INFO = INCLUDE_SOURCE;
				MTL_FAST_MATH = YES;
				ONLY_ACTIVE_ARCH = YES;
				SDKROOT = iphoneos;
				SWIFT_ACTIVE_COMPILATION_CONDITIONS = DEBUG;
				SWIFT_OPTIMIZATION_LEVEL = "-Onone";
			};
			name = Debug;
		};
		E09A062D2297F508007E1D41 /* Release */ = {
			isa = XCBuildConfiguration;
			buildSettings = {
				ALWAYS_SEARCH_USER_PATHS = NO;
				CLANG_ANALYZER_NONNULL = YES;
				CLANG_ANALYZER_NUMBER_OBJECT_CONVERSION = YES_AGGRESSIVE;
				CLANG_CXX_LANGUAGE_STANDARD = "gnu++14";
				CLANG_CXX_LIBRARY = "libc++";
				CLANG_ENABLE_MODULES = YES;
				CLANG_ENABLE_OBJC_ARC = YES;
				CLANG_ENABLE_OBJC_WEAK = YES;
				CLANG_WARN_BLOCK_CAPTURE_AUTORELEASING = YES;
				CLANG_WARN_BOOL_CONVERSION = YES;
				CLANG_WARN_COMMA = YES;
				CLANG_WARN_CONSTANT_CONVERSION = YES;
				CLANG_WARN_DEPRECATED_OBJC_IMPLEMENTATIONS = YES;
				CLANG_WARN_DIRECT_OBJC_ISA_USAGE = YES_ERROR;
				CLANG_WARN_DOCUMENTATION_COMMENTS = YES;
				CLANG_WARN_EMPTY_BODY = YES;
				CLANG_WARN_ENUM_CONVERSION = YES;
				CLANG_WARN_INFINITE_RECURSION = YES;
				CLANG_WARN_INT_CONVERSION = YES;
				CLANG_WARN_NON_LITERAL_NULL_CONVERSION = YES;
				CLANG_WARN_OBJC_IMPLICIT_RETAIN_SELF = YES;
				CLANG_WARN_OBJC_LITERAL_CONVERSION = YES;
				CLANG_WARN_OBJC_ROOT_CLASS = YES_ERROR;
				CLANG_WARN_RANGE_LOOP_ANALYSIS = YES;
				CLANG_WARN_STRICT_PROTOTYPES = YES;
				CLANG_WARN_SUSPICIOUS_MOVE = YES;
				CLANG_WARN_UNGUARDED_AVAILABILITY = YES_AGGRESSIVE;
				CLANG_WARN_UNREACHABLE_CODE = YES;
				CLANG_WARN__DUPLICATE_METHOD_MATCH = YES;
				CODE_SIGN_IDENTITY = "iPhone Developer";
				COPY_PHASE_STRIP = NO;
				DEBUG_INFORMATION_FORMAT = "dwarf-with-dsym";
				ENABLE_NS_ASSERTIONS = NO;
				ENABLE_STRICT_OBJC_MSGSEND = YES;
				GCC_C_LANGUAGE_STANDARD = gnu11;
				GCC_NO_COMMON_BLOCKS = YES;
				GCC_WARN_64_TO_32_BIT_CONVERSION = YES;
				GCC_WARN_ABOUT_RETURN_TYPE = YES_ERROR;
				GCC_WARN_UNDECLARED_SELECTOR = YES;
				GCC_WARN_UNINITIALIZED_AUTOS = YES_AGGRESSIVE;
				GCC_WARN_UNUSED_FUNCTION = YES;
				GCC_WARN_UNUSED_VARIABLE = YES;
				IPHONEOS_DEPLOYMENT_TARGET = 12.2;
				MTL_ENABLE_DEBUG_INFO = NO;
				MTL_FAST_MATH = YES;
				SDKROOT = iphoneos;
				SWIFT_COMPILATION_MODE = wholemodule;
				SWIFT_OPTIMIZATION_LEVEL = "-O";
				VALIDATE_PRODUCT = YES;
			};
			name = Release;
		};
		E09A062F2297F508007E1D41 /* Debug */ = {
			isa = XCBuildConfiguration;
			baseConfigurationReference = 6EF1E1412CE05491594D5647 /* Pods-TestLGSideMenuController.debug.xcconfig */;
			buildSettings = {
				ASSETCATALOG_COMPILER_APPICON_NAME = AppIcon;
				CODE_SIGN_STYLE = Automatic;
				INFOPLIST_FILE = TestLGSideMenuController/Info.plist;
				LD_RUNPATH_SEARCH_PATHS = (
					"$(inherited)",
					"@executable_path/Frameworks",
				);
				PRODUCT_BUNDLE_IDENTIFIER = com.appimc.natalie.TestLGSideMenuController;
				PRODUCT_NAME = "$(TARGET_NAME)";
				SWIFT_OBJC_BRIDGING_HEADER = /Users/natalie/Desktop/TestLGSideMenuController/TestLGSideMenuController/Header.h;
				SWIFT_VERSION = 5.0;
				TARGETED_DEVICE_FAMILY = "1,2";
			};
			name = Debug;
		};
		E09A06302297F508007E1D41 /* Release */ = {
			isa = XCBuildConfiguration;
			baseConfigurationReference = F051C5C7D502EE74479DAF51 /* Pods-TestLGSideMenuController.release.xcconfig */;
			buildSettings = {
				ASSETCATALOG_COMPILER_APPICON_NAME = AppIcon;
				CODE_SIGN_STYLE = Automatic;
				INFOPLIST_FILE = TestLGSideMenuController/Info.plist;
				LD_RUNPATH_SEARCH_PATHS = (
					"$(inherited)",
					"@executable_path/Frameworks",
				);
				PRODUCT_BUNDLE_IDENTIFIER = com.appimc.natalie.TestLGSideMenuController;
				PRODUCT_NAME = "$(TARGET_NAME)";
				SWIFT_OBJC_BRIDGING_HEADER = /Users/natalie/Desktop/TestLGSideMenuController/TestLGSideMenuController/Header.h;
				SWIFT_VERSION = 5.0;
				TARGETED_DEVICE_FAMILY = "1,2";
			};
			name = Release;
		};
/* End XCBuildConfiguration section */

/* Begin XCConfigurationList section */
		E09A06172297F507007E1D41 /* Build configuration list for PBXProject "TestLGSideMenuController" */ = {
			isa = XCConfigurationList;
			buildConfigurations = (
				E09A062C2297F508007E1D41 /* Debug */,
				E09A062D2297F508007E1D41 /* Release */,
			);
			defaultConfigurationIsVisible = 0;
			defaultConfigurationName = Release;
		};
		E09A062E2297F508007E1D41 /* Build configuration list for PBXNativeTarget "TestLGSideMenuController" */ = {
			isa = XCConfigurationList;
			buildConfigurations = (
				E09A062F2297F508007E1D41 /* Debug */,
				E09A06302297F508007E1D41 /* Release */,
			);
			defaultConfigurationIsVisible = 0;
			defaultConfigurationName = Release;
		};
/* End XCConfigurationList section */
	};
	rootObject = E09A06142297F507007E1D41 /* Project object */;
}
